// !$*UTF8*$!
{
	archiveVersion = 1;
	classes = {
	};
	objectVersion = 50;
	objects = {

/* Begin PBXBuildFile section */
		CE0C034427B799DC0052B2E3 /* AppDelegate.swift in Sources */ = {isa = PBXBuildFile; fileRef = CE0C034327B799DC0052B2E3 /* AppDelegate.swift */; };
		CE0C034627B799DC0052B2E3 /* SceneDelegate.swift in Sources */ = {isa = PBXBuildFile; fileRef = CE0C034527B799DC0052B2E3 /* SceneDelegate.swift */; };
		CE0C034827B799DC0052B2E3 /* ViewController.swift in Sources */ = {isa = PBXBuildFile; fileRef = CE0C034727B799DC0052B2E3 /* ViewController.swift */; };
		CE0C034B27B799DC0052B2E3 /* Main.storyboard in Resources */ = {isa = PBXBuildFile; fileRef = CE0C034927B799DC0052B2E3 /* Main.storyboard */; };
		CE0C034E27B799DC0052B2E3 /* ToiMemo.xcdatamodeld in Sources */ = {isa = PBXBuildFile; fileRef = CE0C034C27B799DC0052B2E3 /* ToiMemo.xcdatamodeld */; };
		CE0C035027B799DC0052B2E3 /* Assets.xcassets in Resources */ = {isa = PBXBuildFile; fileRef = CE0C034F27B799DC0052B2E3 /* Assets.xcassets */; };
		CE0C035327B799DC0052B2E3 /* LaunchScreen.storyboard in Resources */ = {isa = PBXBuildFile; fileRef = CE0C035127B799DC0052B2E3 /* LaunchScreen.storyboard */; };
		CE0C035E27B7A3260052B2E3 /* Model.swift in Sources */ = {isa = PBXBuildFile; fileRef = CE0C035D27B7A3260052B2E3 /* Model.swift */; };
		CE0C036127B7A4F50052B2E3 /* MemoListTableViewController.swift in Sources */ = {isa = PBXBuildFile; fileRef = CE0C036027B7A4F50052B2E3 /* MemoListTableViewController.swift */; };
		CE0C036427B7AA0C0052B2E3 /* ComposeViewController.swift in Sources */ = {isa = PBXBuildFile; fileRef = CE0C036327B7AA0C0052B2E3 /* ComposeViewController.swift */; };
		CE0C036727B7AB7E0052B2E3 /* UIViewController+Alert.swift in Sources */ = {isa = PBXBuildFile; fileRef = CE0C036627B7AB7E0052B2E3 /* UIViewController+Alert.swift */; };
/* End PBXBuildFile section */

/* Begin PBXFileReference section */
		CE0C034027B799DC0052B2E3 /* ToiMemo.app */ = {isa = PBXFileReference; explicitFileType = wrapper.application; includeInIndex = 0; path = ToiMemo.app; sourceTree = BUILT_PRODUCTS_DIR; };
		CE0C034327B799DC0052B2E3 /* AppDelegate.swift */ = {isa = PBXFileReference; lastKnownFileType = sourcecode.swift; path = AppDelegate.swift; sourceTree = "<group>"; };
		CE0C034527B799DC0052B2E3 /* SceneDelegate.swift */ = {isa = PBXFileReference; lastKnownFileType = sourcecode.swift; path = SceneDelegate.swift; sourceTree = "<group>"; };
		CE0C034727B799DC0052B2E3 /* ViewController.swift */ = {isa = PBXFileReference; lastKnownFileType = sourcecode.swift; path = ViewController.swift; sourceTree = "<group>"; };
		CE0C034A27B799DC0052B2E3 /* Base */ = {isa = PBXFileReference; lastKnownFileType = file.storyboard; name = Base; path = Base.lproj/Main.storyboard; sourceTree = "<group>"; };
		CE0C034D27B799DC0052B2E3 /* ToiMemo.xcdatamodel */ = {isa = PBXFileReference; lastKnownFileType = wrapper.xcdatamodel; path = ToiMemo.xcdatamodel; sourceTree = "<group>"; };
		CE0C034F27B799DC0052B2E3 /* Assets.xcassets */ = {isa = PBXFileReference; lastKnownFileType = folder.assetcatalog; path = Assets.xcassets; sourceTree = "<group>"; };
		CE0C035227B799DC0052B2E3 /* Base */ = {isa = PBXFileReference; lastKnownFileType = file.storyboard; name = Base; path = Base.lproj/LaunchScreen.storyboard; sourceTree = "<group>"; };
		CE0C035427B799DC0052B2E3 /* Info.plist */ = {isa = PBXFileReference; lastKnownFileType = text.plist.xml; path = Info.plist; sourceTree = "<group>"; };
		CE0C035D27B7A3260052B2E3 /* Model.swift */ = {isa = PBXFileReference; lastKnownFileType = sourcecode.swift; path = Model.swift; sourceTree = "<group>"; };
		CE0C036027B7A4F50052B2E3 /* MemoListTableViewController.swift */ = {isa = PBXFileReference; lastKnownFileType = sourcecode.swift; path = MemoListTableViewController.swift; sourceTree = "<group>"; };
		CE0C036327B7AA0C0052B2E3 /* ComposeViewController.swift */ = {isa = PBXFileReference; lastKnownFileType = sourcecode.swift; path = ComposeViewController.swift; sourceTree = "<group>"; };
		CE0C036627B7AB7E0052B2E3 /* UIViewController+Alert.swift */ = {isa = PBXFileReference; lastKnownFileType = sourcecode.swift; path = "UIViewController+Alert.swift"; sourceTree = "<group>"; };
/* End PBXFileReference section */

/* Begin PBXFrameworksBuildPhase section */
		CE0C033D27B799DC0052B2E3 /* Frameworks */ = {
			isa = PBXFrameworksBuildPhase;
			buildActionMask = 2147483647;
			files = (
			);
			runOnlyForDeploymentPostprocessing = 0;
		};
/* End PBXFrameworksBuildPhase section */

/* Begin PBXGroup section */
		CE0C033727B799DC0052B2E3 = {
			isa = PBXGroup;
			children = (
				CE0C034227B799DC0052B2E3 /* ToiMemo */,
				CE0C034127B799DC0052B2E3 /* Products */,
			);
			sourceTree = "<group>";
		};
		CE0C034127B799DC0052B2E3 /* Products */ = {
			isa = PBXGroup;
			children = (
				CE0C034027B799DC0052B2E3 /* ToiMemo.app */,
			);
			name = Products;
			sourceTree = "<group>";
		};
		CE0C034227B799DC0052B2E3 /* ToiMemo */ = {
			isa = PBXGroup;
			children = (
				CE0C035C27B7A3030052B2E3 /* Model */,
				CE0C034327B799DC0052B2E3 /* AppDelegate.swift */,
				CE0C034527B799DC0052B2E3 /* SceneDelegate.swift */,
				CE0C034727B799DC0052B2E3 /* ViewController.swift */,
				CE0C034927B799DC0052B2E3 /* Main.storyboard */,
				CE0C034F27B799DC0052B2E3 /* Assets.xcassets */,
				CE0C035127B799DC0052B2E3 /* LaunchScreen.storyboard */,
				CE0C035427B799DC0052B2E3 /* Info.plist */,
				CE0C034C27B799DC0052B2E3 /* ToiMemo.xcdatamodeld */,
				CE0C036027B7A4F50052B2E3 /* MemoListTableViewController.swift */,
				CE0C036327B7AA0C0052B2E3 /* ComposeViewController.swift */,
				CE0C036627B7AB7E0052B2E3 /* UIViewController+Alert.swift */,
			);
			path = ToiMemo;
			sourceTree = "<group>";
		};
		CE0C035C27B7A3030052B2E3 /* Model */ = {
			isa = PBXGroup;
			children = (
				CE0C035D27B7A3260052B2E3 /* Model.swift */,
			);
			path = Model;
			sourceTree = "<group>";
		};
/* End PBXGroup section */

/* Begin PBXNativeTarget section */
		CE0C033F27B799DC0052B2E3 /* ToiMemo */ = {
			isa = PBXNativeTarget;
			buildConfigurationList = CE0C035727B799DC0052B2E3 /* Build configuration list for PBXNativeTarget "ToiMemo" */;
			buildPhases = (
				CE0C033C27B799DC0052B2E3 /* Sources */,
				CE0C033D27B799DC0052B2E3 /* Frameworks */,
				CE0C033E27B799DC0052B2E3 /* Resources */,
			);
			buildRules = (
			);
			dependencies = (
			);
			name = ToiMemo;
			productName = ToiMemo;
			productReference = CE0C034027B799DC0052B2E3 /* ToiMemo.app */;
			productType = "com.apple.product-type.application";
		};
/* End PBXNativeTarget section */

/* Begin PBXProject section */
		CE0C033827B799DC0052B2E3 /* Project object */ = {
			isa = PBXProject;
			attributes = {
				LastSwiftUpdateCheck = 1210;
				LastUpgradeCheck = 1210;
				TargetAttributes = {
					CE0C033F27B799DC0052B2E3 = {
						CreatedOnToolsVersion = 12.1;
					};
				};
			};
			buildConfigurationList = CE0C033B27B799DC0052B2E3 /* Build configuration list for PBXProject "ToiMemo" */;
			compatibilityVersion = "Xcode 9.3";
			developmentRegion = en;
			hasScannedForEncodings = 0;
			knownRegions = (
				en,
				Base,
			);
			mainGroup = CE0C033727B799DC0052B2E3;
			productRefGroup = CE0C034127B799DC0052B2E3 /* Products */;
			projectDirPath = "";
			projectRoot = "";
			targets = (
				CE0C033F27B799DC0052B2E3 /* ToiMemo */,
			);
		};
/* End PBXProject section */

/* Begin PBXResourcesBuildPhase section */
		CE0C033E27B799DC0052B2E3 /* Resources */ = {
			isa = PBXResourcesBuildPhase;
			buildActionMask = 2147483647;
			files = (
				CE0C035327B799DC0052B2E3 /* LaunchScreen.storyboard in Resources */,
				CE0C035027B799DC0052B2E3 /* Assets.xcassets in Resources */,
				CE0C034B27B799DC0052B2E3 /* Main.storyboard in Resources */,
			);
			runOnlyForDeploymentPostprocessing = 0;
		};
/* End PBXResourcesBuildPhase section */

/* Begin PBXSourcesBuildPhase section */
		CE0C033C27B799DC0052B2E3 /* Sources */ = {
			isa = PBXSourcesBuildPhase;
			buildActionMask = 2147483647;
			files = (
				CE0C035E27B7A3260052B2E3 /* Model.swift in Sources */,
				CE0C034827B799DC0052B2E3 /* ViewController.swift in Sources */,
				CE0C034427B799DC0052B2E3 /* AppDelegate.swift in Sources */,
				CE0C034E27B799DC0052B2E3 /* ToiMemo.xcdatamodeld in Sources */,
				CE0C034627B799DC0052B2E3 /* SceneDelegate.swift in Sources */,
				CE0C036127B7A4F50052B2E3 /* MemoListTableViewController.swift in Sources */,
				CE0C036427B7AA0C0052B2E3 /* ComposeViewController.swift in Sources */,
				CE0C036727B7AB7E0052B2E3 /* UIViewController+Alert.swift in Sources */,
			);
			runOnlyForDeploymentPostprocessing = 0;
		};
/* End PBXSourcesBuildPhase section */

/* Begin PBXVariantGroup section */
		CE0C034927B799DC0052B2E3 /* Main.storyboard */ = {
			isa = PBXVariantGroup;
			children = (
				CE0C034A27B799DC0052B2E3 /* Base */,
			);
			name = Main.storyboard;
			sourceTree = "<group>";
		};
		CE0C035127B799DC0052B2E3 /* LaunchScreen.storyboard */ = {
			isa = PBXVariantGroup;
			children = (
				CE0C035227B799DC0052B2E3 /* Base */,
			);
			name = LaunchScreen.storyboard;
			sourceTree = "<group>";
		};
/* End PBXVariantGroup section */

/* Begin XCBuildConfiguration section */
		CE0C035527B799DC0052B2E3 /* Debug */ = {
			isa = XCBuildConfiguration;
			buildSettings = {
				ALWAYS_SEARCH_USER_PATHS = NO;
				CLANG_ANALYZER_NONNULL = YES;
				CLANG_ANALYZER_NUMBER_OBJECT_CONVERSION = YES_AGGRESSIVE;
				CLANG_CXX_LANGUAGE_STANDARD = "gnu++14";
				CLANG_CXX_LIBRARY = "libc++";
				CLANG_ENABLE_MODULES = YES;
				CLANG_ENABLE_OBJC_ARC = YES;
				CLANG_ENABLE_OBJC_WEAK = YES;
				CLANG_WARN_BLOCK_CAPTURE_AUTORELEASING = YES;
				CLANG_WARN_BOOL_CONVERSION = YES;
				CLANG_WARN_COMMA = YES;
				CLANG_WARN_CONSTANT_CONVERSION = YES;
				CLANG_WARN_DEPRECATED_OBJC_IMPLEMENTATIONS = YES;
				CLANG_WARN_DIRECT_OBJC_ISA_USAGE = YES_ERROR;
				CLANG_WARN_DOCUMENTATION_COMMENTS = YES;
				CLANG_WARN_EMPTY_BODY = YES;
				CLANG_WARN_ENUM_CONVERSION = YES;
				CLANG_WARN_INFINITE_RECURSION = YES;
				CLANG_WARN_INT_CONVERSION = YES;
				CLANG_WARN_NON_LITERAL_NULL_CONVERSION = YES;
				CLANG_WARN_OBJC_IMPLICIT_RETAIN_SELF = YES;
				CLANG_WARN_OBJC_LITERAL_CONVERSION = YES;
				CLANG_WARN_OBJC_ROOT_CLASS = YES_ERROR;
				CLANG_WARN_QUOTED_INCLUDE_IN_FRAMEWORK_HEADER = YES;
				CLANG_WARN_RANGE_LOOP_ANALYSIS = YES;
				CLANG_WARN_STRICT_PROTOTYPES = YES;
				CLANG_WARN_SUSPICIOUS_MOVE = YES;
				CLANG_WARN_UNGUARDED_AVAILABILITY = YES_AGGRESSIVE;
				CLANG_WARN_UNREACHABLE_CODE = YES;
				CLANG_WARN__DUPLICATE_METHOD_MATCH = YES;
				COPY_PHASE_STRIP = NO;
				DEBUG_INFORMATION_FORMAT = dwarf;
				ENABLE_STRICT_OBJC_MSGSEND = YES;
				ENABLE_TESTABILITY = YES;
				GCC_C_LANGUAGE_STANDARD = gnu11;
				GCC_DYNAMIC_NO_PIC = NO;
				GCC_NO_COMMON_BLOCKS = YES;
				GCC_OPTIMIZATION_LEVEL = 0;
				GCC_PREPROCESSOR_DEFINITIONS = (
					"DEBUG=1",
					"$(inherited)",
				);
				GCC_WARN_64_TO_32_BIT_CONVERSION = YES;
				GCC_WARN_ABOUT_RETURN_TYPE = YES_ERROR;
				GCC_WARN_UNDECLARED_SELECTOR = YES;
				GCC_WARN_UNINITIALIZED_AUTOS = YES_AGGRESSIVE;
				GCC_WARN_UNUSED_FUNCTION = YES;
				GCC_WARN_UNUSED_VARIABLE = YES;
				IPHONEOS_DEPLOYMENT_TARGET = 14.1;
				MTL_ENABLE_DEBUG_INFO = INCLUDE_SOURCE;
				MTL_FAST_MATH = YES;
				ONLY_ACTIVE_ARCH = YES;
				SDKROOT = iphoneos;
				SWIFT_ACTIVE_COMPILATION_CONDITIONS = DEBUG;
				SWIFT_OPTIMIZATION_LEVEL = "-Onone";
			};
			name = Debug;
		};
		CE0C035627B799DC0052B2E3 /* Release */ = {
			isa = XCBuildConfiguration;
			buildSettings = {
				ALWAYS_SEARCH_USER_PATHS = NO;
				CLANG_ANALYZER_NONNULL = YES;
				CLANG_ANALYZER_NUMBER_OBJECT_CONVERSION = YES_AGGRESSIVE;
				CLANG_CXX_LANGUAGE_STANDARD = "gnu++14";
				CLANG_CXX_LIBRARY = "libc++";
				CLANG_ENABLE_MODULES = YES;
				CLANG_ENABLE_OBJC_ARC = YES;
				CLANG_ENABLE_OBJC_WEAK = YES;
				CLANG_WARN_BLOCK_CAPTURE_AUTORELEASING = YES;
				CLANG_WARN_BOOL_CONVERSION = YES;
				CLANG_WARN_COMMA = YES;
				CLANG_WARN_CONSTANT_CONVERSION = YES;
				CLANG_WARN_DEPRECATED_OBJC_IMPLEMENTATIONS = YES;
				CLANG_WARN_DIRECT_OBJC_ISA_USAGE = YES_ERROR;
				CLANG_WARN_DOCUMENTATION_COMMENTS = YES;
				CLANG_WARN_EMPTY_BODY = YES;
				CLANG_WARN_ENUM_CONVERSION = YES;
				CLANG_WARN_INFINITE_RECURSION = YES;
				CLANG_WARN_INT_CONVERSION = YES;
				CLANG_WARN_NON_LITERAL_NULL_CONVERSION = YES;
				CLANG_WARN_OBJC_IMPLICIT_RETAIN_SELF = YES;
				CLANG_WARN_OBJC_LITERAL_CONVERSION = YES;
				CLANG_WARN_OBJC_ROOT_CLASS = YES_ERROR;
				CLANG_WARN_QUOTED_INCLUDE_IN_FRAMEWORK_HEADER = YES;
				CLANG_WARN_RANGE_LOOP_ANALYSIS = YES;
				CLANG_WARN_STRICT_PROTOTYPES = YES;
				CLANG_WARN_SUSPICIOUS_MOVE = YES;
				CLANG_WARN_UNGUARDED_AVAILABILITY = YES_AGGRESSIVE;
				CLANG_WARN_UNREACHABLE_CODE = YES;
				CLANG_WARN__DUPLICATE_METHOD_MATCH = YES;
				COPY_PHASE_STRIP = NO;
				DEBUG_INFORMATION_FORMAT = "dwarf-with-dsym";
				ENABLE_NS_ASSERTIONS = NO;
				ENABLE_STRICT_OBJC_MSGSEND = YES;
				GCC_C_LANGUAGE_STANDARD = gnu11;
				GCC_NO_COMMON_BLOCKS = YES;
				GCC_WARN_64_TO_32_BIT_CONVERSION = YES;
				GCC_WARN_ABOUT_RETURN_TYPE = YES_ERROR;
				GCC_WARN_UNDECLARED_SELECTOR = YES;
				GCC_WARN_UNINITIALIZED_AUTOS = YES_AGGRESSIVE;
				GCC_WARN_UNUSED_FUNCTION = YES;
				GCC_WARN_UNUSED_VARIABLE = YES;
				IPHONEOS_DEPLOYMENT_TARGET = 14.1;
				MTL_ENABLE_DEBUG_INFO = NO;
				MTL_FAST_MATH = YES;
				SDKROOT = iphoneos;
				SWIFT_COMPILATION_MODE = wholemodule;
				SWIFT_OPTIMIZATION_LEVEL = "-O";
				VALIDATE_PRODUCT = YES;
			};
			name = Release;
		};
		CE0C035827B799DC0052B2E3 /* Debug */ = {
			isa = XCBuildConfiguration;
			buildSettings = {
				ASSETCATALOG_COMPILER_APPICON_NAME = AppIcon;
				ASSETCATALOG_COMPILER_GLOBAL_ACCENT_COLOR_NAME = AccentColor;
				CODE_SIGN_STYLE = Automatic;
				DEVELOPMENT_TEAM = K28H32Y6Z5;
				INFOPLIST_FILE = ToiMemo/Info.plist;
				IPHONEOS_DEPLOYMENT_TARGET = 12.0;
				LD_RUNPATH_SEARCH_PATHS = (
					"$(inherited)",
					"@executable_path/Frameworks",
				);
				PRODUCT_BUNDLE_IDENTIFIER = sanghyeob.ToiMemo;
				PRODUCT_NAME = "$(TARGET_NAME)";
				SWIFT_VERSION = 5.0;
				TARGETED_DEVICE_FAMILY = "1,2";
			};
			name = Debug;
		};
		CE0C035927B799DC0052B2E3 /* Release */ = {
			isa = XCBuildConfiguration;
			buildSettings = {
				ASSETCATALOG_COMPILER_APPICON_NAME = AppIcon;
				ASSETCATALOG_COMPILER_GLOBAL_ACCENT_COLOR_NAME = AccentColor;
				CODE_SIGN_STYLE = Automatic;
				DEVELOPMENT_TEAM = K28H32Y6Z5;
				INFOPLIST_FILE = ToiMemo/Info.plist;
				IPHONEOS_DEPLOYMENT_TARGET = 12.0;
				LD_RUNPATH_SEARCH_PATHS = (
					"$(inherited)",
					"@executable_path/Frameworks",
				);
				PRODUCT_BUNDLE_IDENTIFIER = sanghyeob.ToiMemo;
				PRODUCT_NAME = "$(TARGET_NAME)";
				SWIFT_VERSION = 5.0;
				TARGETED_DEVICE_FAMILY = "1,2";
			};
			name = Release;
		};
/* End XCBuildConfiguration section */

/* Begin XCConfigurationList section */
		CE0C033B27B799DC0052B2E3 /* Build configuration list for PBXProject "ToiMemo" */ = {
			isa = XCConfigurationList;
			buildConfigurations = (
				CE0C035527B799DC0052B2E3 /* Debug */,
				CE0C035627B799DC0052B2E3 /* Release */,
			);
			defaultConfigurationIsVisible = 0;
			defaultConfigurationName = Release;
		};
		CE0C035727B799DC0052B2E3 /* Build configuration list for PBXNativeTarget "ToiMemo" */ = {
			isa = XCConfigurationList;
			buildConfigurations = (
				CE0C035827B799DC0052B2E3 /* Debug */,
				CE0C035927B799DC0052B2E3 /* Release */,
			);
			defaultConfigurationIsVisible = 0;
			defaultConfigurationName = Release;
		};
/* End XCConfigurationList section */

/* Begin XCVersionGroup section */
		CE0C034C27B799DC0052B2E3 /* ToiMemo.xcdatamodeld */ = {
			isa = XCVersionGroup;
			children = (
				CE0C034D27B799DC0052B2E3 /* ToiMemo.xcdatamodel */,
			);
			currentVersion = CE0C034D27B799DC0052B2E3 /* ToiMemo.xcdatamodel */;
			path = ToiMemo.xcdatamodeld;
			sourceTree = "<group>";
			versionGroupType = wrapper.xcdatamodel;
		};
/* End XCVersionGroup section */
	};
	rootObject = CE0C033827B799DC0052B2E3 /* Project object */;
}
